
Microsoft Visual Studio Solution File, Format Version 12.00
# Visual Studio Version 16
VisualStudioVersion = 16.0.31829.152
MinimumVisualStudioVersion = 10.0.40219.1
Project("{9A19103F-16F7-4668-BE54-9A1E7A4F7556}") = "Coodesh.Challenge.Api", "src\Coodesh.Challenge.Api\Coodesh.Challenge.Api.csproj", "{DA676515-BFED-47A7-A0FA-033FF0E33A1E}"
EndProject
Project("{9A19103F-16F7-4668-BE54-9A1E7A4F7556}") = "Coodesh.Challenge.Business", "src\Coodesh.Challenge.Business\Coodesh.Challenge.Business.csproj", "{9E4C5CDA-DD70-478D-B251-8E2BE20463AE}"
EndProject
Project("{9A19103F-16F7-4668-BE54-9A1E7A4F7556}") = "Coodesh.Challenge.Data", "src\Coodesh.Challenge.Data\Coodesh.Challenge.Data.csproj", "{98702038-C2E4-4765-B37D-952ABE4D96C1}"
EndProject
Project("{9A19103F-16F7-4668-BE54-9A1E7A4F7556}") = "Coodesh.Challenge.Command", "src\Coodesh.Challenge.Command\Coodesh.Challenge.Command.csproj", "{155DA5CF-F8A3-4786-B9B8-DB4C5EDA97CB}"
EndProject
Project("{9A19103F-16F7-4668-BE54-9A1E7A4F7556}") = "Coodesh.Challenge.Query", "src\Coodesh.Challenge.Query\Coodesh.Challenge.Query.csproj", "{BEE10C36-61F5-4E28-8EAA-09590365D289}"
EndProject
Project("{FAE04EC0-301F-11D3-BF4B-00C04F79EFBC}") = "Coodesh.Challenge.ClientHttp", "src\Coodesh.Challenge.ClientHttp\Coodesh.Challenge.ClientHttp.csproj", "{967EDA70-283E-4418-929E-84DFEA413033}"
EndProject
Global
	GlobalSection(SolutionConfigurationPlatforms) = preSolution
		Debug|Any CPU = Debug|Any CPU
		Release|Any CPU = Release|Any CPU
	EndGlobalSection
	GlobalSection(ProjectConfigurationPlatforms) = postSolution
		{DA676515-BFED-47A7-A0FA-033FF0E33A1E}.Debug|Any CPU.ActiveCfg = Debug|Any CPU
		{DA676515-BFED-47A7-A0FA-033FF0E33A1E}.Debug|Any CPU.Build.0 = Debug|Any CPU
		{DA676515-BFED-47A7-A0FA-033FF0E33A1E}.Release|Any CPU.ActiveCfg = Release|Any CPU
		{DA676515-BFED-47A7-A0FA-033FF0E33A1E}.Release|Any CPU.Build.0 = Release|Any CPU
		{9E4C5CDA-DD70-478D-B251-8E2BE20463AE}.Debug|Any CPU.ActiveCfg = Debug|Any CPU
		{9E4C5CDA-DD70-478D-B251-8E2BE20463AE}.Debug|Any CPU.Build.0 = Debug|Any CPU
		{9E4C5CDA-DD70-478D-B251-8E2BE20463AE}.Release|Any CPU.ActiveCfg = Release|Any CPU
		{9E4C5CDA-DD70-478D-B251-8E2BE20463AE}.Release|Any CPU.Build.0 = Release|Any CPU
		{98702038-C2E4-4765-B37D-952ABE4D96C1}.Debug|Any CPU.ActiveCfg = Debug|Any CPU
		{98702038-C2E4-4765-B37D-952ABE4D96C1}.Debug|Any CPU.Build.0 = Debug|Any CPU
		{98702038-C2E4-4765-B37D-952ABE4D96C1}.Release|Any CPU.ActiveCfg = Release|Any CPU
		{98702038-C2E4-4765-B37D-952ABE4D96C1}.Release|Any CPU.Build.0 = Release|Any CPU
		{155DA5CF-F8A3-4786-B9B8-DB4C5EDA97CB}.Debug|Any CPU.ActiveCfg = Debug|Any CPU
		{155DA5CF-F8A3-4786-B9B8-DB4C5EDA97CB}.Debug|Any CPU.Build.0 = Debug|Any CPU
		{155DA5CF-F8A3-4786-B9B8-DB4C5EDA97CB}.Release|Any CPU.ActiveCfg = Release|Any CPU
		{155DA5CF-F8A3-4786-B9B8-DB4C5EDA97CB}.Release|Any CPU.Build.0 = Release|Any CPU
		{BEE10C36-61F5-4E28-8EAA-09590365D289}.Debug|Any CPU.ActiveCfg = Debug|Any CPU
		{BEE10C36-61F5-4E28-8EAA-09590365D289}.Debug|Any CPU.Build.0 = Debug|Any CPU
		{BEE10C36-61F5-4E28-8EAA-09590365D289}.Release|Any CPU.ActiveCfg = Release|Any CPU
		{BEE10C36-61F5-4E28-8EAA-09590365D289}.Release|Any CPU.Build.0 = Release|Any CPU
		{967EDA70-283E-4418-929E-84DFEA413033}.Debug|Any CPU.ActiveCfg = Debug|Any CPU
		{967EDA70-283E-4418-929E-84DFEA413033}.Debug|Any CPU.Build.0 = Debug|Any CPU
		{967EDA70-283E-4418-929E-84DFEA413033}.Release|Any CPU.ActiveCfg = Release|Any CPU
		{967EDA70-283E-4418-929E-84DFEA413033}.Release|Any CPU.Build.0 = Release|Any CPU
	EndGlobalSection
	GlobalSection(SolutionProperties) = preSolution
		HideSolutionNode = FALSE
	EndGlobalSection
	GlobalSection(ExtensibilityGlobals) = postSolution
		SolutionGuid = {FF1A16A4-383C-473C-9FF1-9A15E886024A}
	EndGlobalSection
EndGlobal
